
Microsoft Visual Studio Solution File, Format Version 10.00
# Visual Studio 2008
Project("{FAE04EC0-301F-11D3-BF4B-00C04F79EFBC}") = "MLSuite", "MLSuite.csproj", "{74D305C7-25FA-49E1-BD63-335B7F749ADD}"
EndProject
Project("{8BC9CEB8-8B4A-11D0-8D11-00A0C91BC942}") = "mathdll", "..\mathdll\mathdll.vcproj", "{64B72B90-A144-4CF1-9FF3-C8CB6080B53E}"
EndProject
Project("{FAE04EC0-301F-11D3-BF4B-00C04F79EFBC}") = "ClusterProcessorClassLibrary", "..\ClusterProcessorClassLibrary\ClusterProcessorClassLibrary.csproj", "{1E27CF36-7EA3-4B78-B6F8-3319B6E0AEFC}"
EndProject
Project("{FAE04EC0-301F-11D3-BF4B-00C04F79EFBC}") = "CPE_ClusterProcessorClassLibrary", "..\CPE_ClusterProcessorClassLibrary\CPE_ClusterProcessorClassLibrary.csproj", "{94377F9C-B714-4B25-AF54-456691282629}"
EndProject
Project("{FAE04EC0-301F-11D3-BF4B-00C04F79EFBC}") = "CPE_Lib", "..\CPE_Lib\CPE_Lib.csproj", "{68C8CDE5-A9B9-4074-BCF3-A019420AF1ED}"
EndProject
Project("{FAE04EC0-301F-11D3-BF4B-00C04F79EFBC}") = "CreateXMLfromClass", "..\CreateXMLfromClass\CreateXMLfromClass.csproj", "{344ABDA0-52B8-4A14-BC80-0D1317EA9236}"
EndProject
Global
	GlobalSection(SolutionConfigurationPlatforms) = preSolution
		Debug|Any CPU = Debug|Any CPU
		Debug|Mixed Platforms = Debug|Mixed Platforms
		Debug|Win32 = Debug|Win32
		Debug|x64 = Debug|x64
		Release|Any CPU = Release|Any CPU
		Release|Mixed Platforms = Release|Mixed Platforms
		Release|Win32 = Release|Win32
		Release|x64 = Release|x64
	EndGlobalSection
	GlobalSection(ProjectConfigurationPlatforms) = postSolution
		{74D305C7-25FA-49E1-BD63-335B7F749ADD}.Debug|Any CPU.ActiveCfg = Debug|Any CPU
		{74D305C7-25FA-49E1-BD63-335B7F749ADD}.Debug|Any CPU.Build.0 = Debug|Any CPU
		{74D305C7-25FA-49E1-BD63-335B7F749ADD}.Debug|Mixed Platforms.ActiveCfg = Debug|x64
		{74D305C7-25FA-49E1-BD63-335B7F749ADD}.Debug|Mixed Platforms.Build.0 = Debug|x64
		{74D305C7-25FA-49E1-BD63-335B7F749ADD}.Debug|Win32.ActiveCfg = Debug|Any CPU
		{74D305C7-25FA-49E1-BD63-335B7F749ADD}.Debug|x64.ActiveCfg = Debug|Any CPU
		{74D305C7-25FA-49E1-BD63-335B7F749ADD}.Release|Any CPU.ActiveCfg = Release|Any CPU
		{74D305C7-25FA-49E1-BD63-335B7F749ADD}.Release|Any CPU.Build.0 = Release|Any CPU
		{74D305C7-25FA-49E1-BD63-335B7F749ADD}.Release|Mixed Platforms.ActiveCfg = Release|Any CPU
		{74D305C7-25FA-49E1-BD63-335B7F749ADD}.Release|Mixed Platforms.Build.0 = Release|Any CPU
		{74D305C7-25FA-49E1-BD63-335B7F749ADD}.Release|Win32.ActiveCfg = Release|Any CPU
		{74D305C7-25FA-49E1-BD63-335B7F749ADD}.Release|x64.ActiveCfg = Release|Any CPU
		{64B72B90-A144-4CF1-9FF3-C8CB6080B53E}.Debug|Any CPU.ActiveCfg = Debug|x64
		{64B72B90-A144-4CF1-9FF3-C8CB6080B53E}.Debug|Mixed Platforms.ActiveCfg = Debug|x64
		{64B72B90-A144-4CF1-9FF3-C8CB6080B53E}.Debug|Mixed Platforms.Build.0 = Debug|x64
		{64B72B90-A144-4CF1-9FF3-C8CB6080B53E}.Debug|Win32.ActiveCfg = Debug|Win32
		{64B72B90-A144-4CF1-9FF3-C8CB6080B53E}.Debug|Win32.Build.0 = Debug|Win32
		{64B72B90-A144-4CF1-9FF3-C8CB6080B53E}.Debug|x64.ActiveCfg = Debug|x64
		{64B72B90-A144-4CF1-9FF3-C8CB6080B53E}.Debug|x64.Build.0 = Debug|x64
		{64B72B90-A144-4CF1-9FF3-C8CB6080B53E}.Release|Any CPU.ActiveCfg = Release|x64
		{64B72B90-A144-4CF1-9FF3-C8CB6080B53E}.Release|Mixed Platforms.ActiveCfg = Release|x64
		{64B72B90-A144-4CF1-9FF3-C8CB6080B53E}.Release|Mixed Platforms.Build.0 = Release|x64
		{64B72B90-A144-4CF1-9FF3-C8CB6080B53E}.Release|Win32.ActiveCfg = Release|Win32
		{64B72B90-A144-4CF1-9FF3-C8CB6080B53E}.Release|Win32.Build.0 = Release|Win32
		{64B72B90-A144-4CF1-9FF3-C8CB6080B53E}.Release|x64.ActiveCfg = Release|x64
		{64B72B90-A144-4CF1-9FF3-C8CB6080B53E}.Release|x64.Build.0 = Release|x64
		{1E27CF36-7EA3-4B78-B6F8-3319B6E0AEFC}.Debug|Any CPU.ActiveCfg = Debug|Any CPU
		{1E27CF36-7EA3-4B78-B6F8-3319B6E0AEFC}.Debug|Any CPU.Build.0 = Debug|Any CPU
		{1E27CF36-7EA3-4B78-B6F8-3319B6E0AEFC}.Debug|Mixed Platforms.ActiveCfg = Debug|Any CPU
		{1E27CF36-7EA3-4B78-B6F8-3319B6E0AEFC}.Debug|Mixed Platforms.Build.0 = Debug|Any CPU
		{1E27CF36-7EA3-4B78-B6F8-3319B6E0AEFC}.Debug|Win32.ActiveCfg = Debug|Any CPU
		{1E27CF36-7EA3-4B78-B6F8-3319B6E0AEFC}.Debug|x64.ActiveCfg = Debug|Any CPU
		{1E27CF36-7EA3-4B78-B6F8-3319B6E0AEFC}.Release|Any CPU.ActiveCfg = Release|Any CPU
		{1E27CF36-7EA3-4B78-B6F8-3319B6E0AEFC}.Release|Any CPU.Build.0 = Release|Any CPU
		{1E27CF36-7EA3-4B78-B6F8-3319B6E0AEFC}.Release|Mixed Platforms.ActiveCfg = Release|Any CPU
		{1E27CF36-7EA3-4B78-B6F8-3319B6E0AEFC}.Release|Mixed Platforms.Build.0 = Release|Any CPU
		{1E27CF36-7EA3-4B78-B6F8-3319B6E0AEFC}.Release|Win32.ActiveCfg = Release|Any CPU
		{1E27CF36-7EA3-4B78-B6F8-3319B6E0AEFC}.Release|x64.ActiveCfg = Release|Any CPU
		{94377F9C-B714-4B25-AF54-456691282629}.Debug|Any CPU.ActiveCfg = Debug|Any CPU
		{94377F9C-B714-4B25-AF54-456691282629}.Debug|Any CPU.Build.0 = Debug|Any CPU
		{94377F9C-B714-4B25-AF54-456691282629}.Debug|Mixed Platforms.ActiveCfg = Debug|Any CPU
		{94377F9C-B714-4B25-AF54-456691282629}.Debug|Mixed Platforms.Build.0 = Debug|Any CPU
		{94377F9C-B714-4B25-AF54-456691282629}.Debug|Win32.ActiveCfg = Debug|Any CPU
		{94377F9C-B714-4B25-AF54-456691282629}.Debug|x64.ActiveCfg = Debug|Any CPU
		{94377F9C-B714-4B25-AF54-456691282629}.Release|Any CPU.ActiveCfg = Release|Any CPU
		{94377F9C-B714-4B25-AF54-456691282629}.Release|Any CPU.Build.0 = Release|Any CPU
		{94377F9C-B714-4B25-AF54-456691282629}.Release|Mixed Platforms.ActiveCfg = Release|Any CPU
		{94377F9C-B714-4B25-AF54-456691282629}.Release|Mixed Platforms.Build.0 = Release|Any CPU
		{94377F9C-B714-4B25-AF54-456691282629}.Release|Win32.ActiveCfg = Release|Any CPU
		{94377F9C-B714-4B25-AF54-456691282629}.Release|x64.ActiveCfg = Release|Any CPU
		{68C8CDE5-A9B9-4074-BCF3-A019420AF1ED}.Debug|Any CPU.ActiveCfg = Debug|Any CPU
		{68C8CDE5-A9B9-4074-BCF3-A019420AF1ED}.Debug|Any CPU.Build.0 = Debug|Any CPU
		{68C8CDE5-A9B9-4074-BCF3-A019420AF1ED}.Debug|Mixed Platforms.ActiveCfg = Debug|Any CPU
		{68C8CDE5-A9B9-4074-BCF3-A019420AF1ED}.Debug|Mixed Platforms.Build.0 = Debug|Any CPU
		{68C8CDE5-A9B9-4074-BCF3-A019420AF1ED}.Debug|Win32.ActiveCfg = Debug|Any CPU
		{68C8CDE5-A9B9-4074-BCF3-A019420AF1ED}.Debug|x64.ActiveCfg = Debug|Any CPU
		{68C8CDE5-A9B9-4074-BCF3-A019420AF1ED}.Release|Any CPU.ActiveCfg = Release|Any CPU
		{68C8CDE5-A9B9-4074-BCF3-A019420AF1ED}.Release|Any CPU.Build.0 = Release|Any CPU
		{68C8CDE5-A9B9-4074-BCF3-A019420AF1ED}.Release|Mixed Platforms.ActiveCfg = Release|Any CPU
		{68C8CDE5-A9B9-4074-BCF3-A019420AF1ED}.Release|Mixed Platforms.Build.0 = Release|Any CPU
		{68C8CDE5-A9B9-4074-BCF3-A019420AF1ED}.Release|Win32.ActiveCfg = Release|Any CPU
		{68C8CDE5-A9B9-4074-BCF3-A019420AF1ED}.Release|x64.ActiveCfg = Release|Any CPU
		{344ABDA0-52B8-4A14-BC80-0D1317EA9236}.Debug|Any CPU.ActiveCfg = Debug|Any CPU
		{344ABDA0-52B8-4A14-BC80-0D1317EA9236}.Debug|Any CPU.Build.0 = Debug|Any CPU
		{344ABDA0-52B8-4A14-BC80-0D1317EA9236}.Debug|Mixed Platforms.ActiveCfg = Debug|Any CPU
		{344ABDA0-52B8-4A14-BC80-0D1317EA9236}.Debug|Mixed Platforms.Build.0 = Debug|Any CPU
		{344ABDA0-52B8-4A14-BC80-0D1317EA9236}.Debug|Win32.ActiveCfg = Debug|Any CPU
		{344ABDA0-52B8-4A14-BC80-0D1317EA9236}.Debug|x64.ActiveCfg = Debug|Any CPU
		{344ABDA0-52B8-4A14-BC80-0D1317EA9236}.Release|Any CPU.ActiveCfg = Release|Any CPU
		{344ABDA0-52B8-4A14-BC80-0D1317EA9236}.Release|Any CPU.Build.0 = Release|Any CPU
		{344ABDA0-52B8-4A14-BC80-0D1317EA9236}.Release|Mixed Platforms.ActiveCfg = Release|Any CPU
		{344ABDA0-52B8-4A14-BC80-0D1317EA9236}.Release|Mixed Platforms.Build.0 = Release|Any CPU
		{344ABDA0-52B8-4A14-BC80-0D1317EA9236}.Release|Win32.ActiveCfg = Release|Any CPU
		{344ABDA0-52B8-4A14-BC80-0D1317EA9236}.Release|x64.ActiveCfg = Release|Any CPU
	EndGlobalSection
	GlobalSection(SolutionProperties) = preSolution
		HideSolutionNode = FALSE
	EndGlobalSection
EndGlobal
